
Microsoft Visual Studio Solution File, Format Version 12.00
# Visual Studio Version 16
VisualStudioVersion = 16.0.29926.136
MinimumVisualStudioVersion = 10.0.40219.1
Project("{FAE04EC0-301F-11D3-BF4B-00C04F79EFBC}") = "PartyPlanner2.0", "PartyPlanner2.0.csproj", "{858CF7B1-2974-482C-B2D0-29E7EFC87A0F}"
EndProject
Global
	GlobalSection(SolutionConfigurationPlatforms) = preSolution
		Debug|Any CPU = Debug|Any CPU
		Release|Any CPU = Release|Any CPU
	EndGlobalSection
	GlobalSection(ProjectConfigurationPlatforms) = postSolution
		{858CF7B1-2974-482C-B2D0-29E7EFC87A0F}.Debug|Any CPU.ActiveCfg = Debug|Any CPU
		{858CF7B1-2974-482C-B2D0-29E7EFC87A0F}.Debug|Any CPU.Build.0 = Debug|Any CPU
		{858CF7B1-2974-482C-B2D0-29E7EFC87A0F}.Release|Any CPU.ActiveCfg = Release|Any CPU
		{858CF7B1-2974-482C-B2D0-29E7EFC87A0F}.Release|Any CPU.Build.0 = Release|Any CPU
	EndGlobalSection
	GlobalSection(SolutionProperties) = preSolution
		HideSolutionNode = FALSE
	EndGlobalSection
	GlobalSection(ExtensibilityGlobals) = postSolution
		SolutionGuid = {268AF070-3296-4261-BE39-BD2E06CBF1E7}
	EndGlobalSection
EndGlobal
